
Microsoft Visual Studio Solution File, Format Version 12.00
# Visual Studio Version 17
VisualStudioVersion = 17.4.33110.190
MinimumVisualStudioVersion = 10.0.40219.1
Project("{FAE04EC0-301F-11D3-BF4B-00C04F79EFBC}") = "MechTakeAmmoCE", "MechTakeAmmoCE.csproj", "{791D4E8F-BECD-42A3-AB54-DF5427CBBAD0}"
EndProject
Global
	GlobalSection(SolutionConfigurationPlatforms) = preSolution
		Debug|Any CPU = Debug|Any CPU
		Release|Any CPU = Release|Any CPU
	EndGlobalSection
	GlobalSection(ProjectConfigurationPlatforms) = postSolution
		{791D4E8F-BECD-42A3-AB54-DF5427CBBAD0}.Debug|Any CPU.ActiveCfg = Debug|Any CPU
		{791D4E8F-BECD-42A3-AB54-DF5427CBBAD0}.Debug|Any CPU.Build.0 = Debug|Any CPU
		{791D4E8F-BECD-42A3-AB54-DF5427CBBAD0}.Release|Any CPU.ActiveCfg = Release|Any CPU
		{791D4E8F-BECD-42A3-AB54-DF5427CBBAD0}.Release|Any CPU.Build.0 = Release|Any CPU
	EndGlobalSection
	GlobalSection(SolutionProperties) = preSolution
		HideSolutionNode = FALSE
	EndGlobalSection
	GlobalSection(ExtensibilityGlobals) = postSolution
		SolutionGuid = {53EE9E75-42D0-4469-AF2E-854F828433F8}
	EndGlobalSection
EndGlobal
