
Microsoft Visual Studio Solution File, Format Version 12.00
# Visual Studio Version 17
VisualStudioVersion = 17.6.33829.357
MinimumVisualStudioVersion = 10.0.40219.1
Project("{9A19103F-16F7-4668-BE54-9A1E7A4F7556}") = "CombatExtended", "CombatExtended\CombatExtended.csproj", "{5BF06BFB-6506-48A4-BDA5-8A2E5F9153F9}"
EndProject
Project("{9A19103F-16F7-4668-BE54-9A1E7A4F7556}") = "MultiplayerCompat", "MultiplayerCompat\MultiplayerCompat.csproj", "{81CF298A-467E-4EC5-B63E-3491427357BD}"
EndProject
Project("{9A19103F-16F7-4668-BE54-9A1E7A4F7556}") = "MiscTurretsCompat", "MiscTurretsCompat\MiscTurretsCompat.csproj", "{05A490EC-C020-11EC-A019-DCE9940C19B9}"
EndProject
Project("{9A19103F-16F7-4668-BE54-9A1E7A4F7556}") = "BetterTurretsCompat", "BetterTurretsCompat\BetterTurretsCompat.csproj", "{49CBCE66-C020-11EC-83E3-DCE9940C19B9}"
EndProject
Project("{9A19103F-16F7-4668-BE54-9A1E7A4F7556}") = "VehiclesCompat", "VehiclesCompat\VehiclesCompat.csproj", "{06833316-A463-4044-BAA7-993683F9810B}"
EndProject
Project("{9A19103F-16F7-4668-BE54-9A1E7A4F7556}") = "SRTSCompat", "SRTSCompat\SRTSCompat.csproj", "{2ECDEC68-5878-41C7-B494-E189B8C5C33E}"
EndProject
Project("{FAE04EC0-301F-11D3-BF4B-00C04F79EFBC}") = "SOS2Compat", "SOS2Compat\SOS2Compat.csproj", "{D7AF4074-CE88-4272-91F4-A0D63951C1F0}"
EndProject
Project("{FAE04EC0-301F-11D3-BF4B-00C04F79EFBC}") = "PsyblastersCompat", "PsyblastersCompat\PsyblastersCompat.csproj", "{6B518120-4315-4017-B4E6-7DA8ABCCFF84}"
EndProject
Project("{FAE04EC0-301F-11D3-BF4B-00C04F79EFBC}") = "VFESecurityCompat", "VFESecurityCompat\VFESecurityCompat.csproj", "{3A259010-BDE3-35B1-1369-2A44C34FE8F0}"
EndProject
Project("{FAE04EC0-301F-11D3-BF4B-00C04F79EFBC}") = "Tests", "Tests\Tests.csproj", "{181DADED-1C60-457A-92FC-FA8482D81117}"
EndProject
Global
	GlobalSection(SolutionConfigurationPlatforms) = preSolution
		Debug|Any CPU = Debug|Any CPU
		Debug|x64 = Debug|x64
		Debug|x86 = Debug|x86
		Debugger|Any CPU = Debugger|Any CPU
		Debugger|x64 = Debugger|x64
		Debugger|x86 = Debugger|x86
		Release|Any CPU = Release|Any CPU
		Release|x64 = Release|x64
		Release|x86 = Release|x86
	EndGlobalSection
	GlobalSection(ProjectConfigurationPlatforms) = postSolution
		{5BF06BFB-6506-48A4-BDA5-8A2E5F9153F9}.Debug|Any CPU.ActiveCfg = Debug|Any CPU
		{5BF06BFB-6506-48A4-BDA5-8A2E5F9153F9}.Debug|Any CPU.Build.0 = Debug|Any CPU
		{5BF06BFB-6506-48A4-BDA5-8A2E5F9153F9}.Debug|x64.ActiveCfg = Debug|Any CPU
		{5BF06BFB-6506-48A4-BDA5-8A2E5F9153F9}.Debug|x64.Build.0 = Debug|Any CPU
		{5BF06BFB-6506-48A4-BDA5-8A2E5F9153F9}.Debug|x86.ActiveCfg = Debug|Any CPU
		{5BF06BFB-6506-48A4-BDA5-8A2E5F9153F9}.Debug|x86.Build.0 = Debug|Any CPU
		{5BF06BFB-6506-48A4-BDA5-8A2E5F9153F9}.Debugger|Any CPU.ActiveCfg = Debug|Any CPU
		{5BF06BFB-6506-48A4-BDA5-8A2E5F9153F9}.Debugger|Any CPU.Build.0 = Debug|Any CPU
		{5BF06BFB-6506-48A4-BDA5-8A2E5F9153F9}.Debugger|x64.ActiveCfg = Debugger|Any CPU
		{5BF06BFB-6506-48A4-BDA5-8A2E5F9153F9}.Debugger|x64.Build.0 = Debugger|Any CPU
		{5BF06BFB-6506-48A4-BDA5-8A2E5F9153F9}.Debugger|x86.ActiveCfg = Debugger|Any CPU
		{5BF06BFB-6506-48A4-BDA5-8A2E5F9153F9}.Debugger|x86.Build.0 = Debugger|Any CPU
		{5BF06BFB-6506-48A4-BDA5-8A2E5F9153F9}.Release|Any CPU.ActiveCfg = Release|Any CPU
		{5BF06BFB-6506-48A4-BDA5-8A2E5F9153F9}.Release|Any CPU.Build.0 = Release|Any CPU
		{5BF06BFB-6506-48A4-BDA5-8A2E5F9153F9}.Release|x64.ActiveCfg = Release|Any CPU
		{5BF06BFB-6506-48A4-BDA5-8A2E5F9153F9}.Release|x64.Build.0 = Release|Any CPU
		{5BF06BFB-6506-48A4-BDA5-8A2E5F9153F9}.Release|x86.ActiveCfg = Release|Any CPU
		{5BF06BFB-6506-48A4-BDA5-8A2E5F9153F9}.Release|x86.Build.0 = Release|Any CPU
		{81CF298A-467E-4EC5-B63E-3491427357BD}.Debug|Any CPU.ActiveCfg = Debug|Any CPU
		{81CF298A-467E-4EC5-B63E-3491427357BD}.Debug|Any CPU.Build.0 = Debug|Any CPU
		{81CF298A-467E-4EC5-B63E-3491427357BD}.Debug|x64.ActiveCfg = Debug|Any CPU
		{81CF298A-467E-4EC5-B63E-3491427357BD}.Debug|x64.Build.0 = Debug|Any CPU
		{81CF298A-467E-4EC5-B63E-3491427357BD}.Debug|x86.ActiveCfg = Debug|Any CPU
		{81CF298A-467E-4EC5-B63E-3491427357BD}.Debug|x86.Build.0 = Debug|Any CPU
		{81CF298A-467E-4EC5-B63E-3491427357BD}.Debugger|Any CPU.ActiveCfg = Debug|Any CPU
		{81CF298A-467E-4EC5-B63E-3491427357BD}.Debugger|Any CPU.Build.0 = Debug|Any CPU
		{81CF298A-467E-4EC5-B63E-3491427357BD}.Debugger|x64.ActiveCfg = Debugger|Any CPU
		{81CF298A-467E-4EC5-B63E-3491427357BD}.Debugger|x64.Build.0 = Debugger|Any CPU
		{81CF298A-467E-4EC5-B63E-3491427357BD}.Debugger|x86.ActiveCfg = Debugger|Any CPU
		{81CF298A-467E-4EC5-B63E-3491427357BD}.Debugger|x86.Build.0 = Debugger|Any CPU
		{81CF298A-467E-4EC5-B63E-3491427357BD}.Release|Any CPU.ActiveCfg = Release|Any CPU
		{81CF298A-467E-4EC5-B63E-3491427357BD}.Release|Any CPU.Build.0 = Release|Any CPU
		{81CF298A-467E-4EC5-B63E-3491427357BD}.Release|x64.ActiveCfg = Release|Any CPU
		{81CF298A-467E-4EC5-B63E-3491427357BD}.Release|x64.Build.0 = Release|Any CPU
		{81CF298A-467E-4EC5-B63E-3491427357BD}.Release|x86.ActiveCfg = Release|Any CPU
		{81CF298A-467E-4EC5-B63E-3491427357BD}.Release|x86.Build.0 = Release|Any CPU
		{05A490EC-C020-11EC-A019-DCE9940C19B9}.Debug|Any CPU.ActiveCfg = Debug|Any CPU
		{05A490EC-C020-11EC-A019-DCE9940C19B9}.Debug|Any CPU.Build.0 = Debug|Any CPU
		{05A490EC-C020-11EC-A019-DCE9940C19B9}.Debug|x64.ActiveCfg = Debug|Any CPU
		{05A490EC-C020-11EC-A019-DCE9940C19B9}.Debug|x64.Build.0 = Debug|Any CPU
		{05A490EC-C020-11EC-A019-DCE9940C19B9}.Debug|x86.ActiveCfg = Debug|Any CPU
		{05A490EC-C020-11EC-A019-DCE9940C19B9}.Debug|x86.Build.0 = Debug|Any CPU
		{05A490EC-C020-11EC-A019-DCE9940C19B9}.Debugger|Any CPU.ActiveCfg = Debug|Any CPU
		{05A490EC-C020-11EC-A019-DCE9940C19B9}.Debugger|Any CPU.Build.0 = Debug|Any CPU
		{05A490EC-C020-11EC-A019-DCE9940C19B9}.Debugger|x64.ActiveCfg = Debugger|Any CPU
		{05A490EC-C020-11EC-A019-DCE9940C19B9}.Debugger|x64.Build.0 = Debugger|Any CPU
		{05A490EC-C020-11EC-A019-DCE9940C19B9}.Debugger|x86.ActiveCfg = Debugger|Any CPU
		{05A490EC-C020-11EC-A019-DCE9940C19B9}.Debugger|x86.Build.0 = Debugger|Any CPU
		{05A490EC-C020-11EC-A019-DCE9940C19B9}.Release|Any CPU.ActiveCfg = Release|Any CPU
		{05A490EC-C020-11EC-A019-DCE9940C19B9}.Release|Any CPU.Build.0 = Release|Any CPU
		{05A490EC-C020-11EC-A019-DCE9940C19B9}.Release|x64.ActiveCfg = Release|Any CPU
		{05A490EC-C020-11EC-A019-DCE9940C19B9}.Release|x64.Build.0 = Release|Any CPU
		{05A490EC-C020-11EC-A019-DCE9940C19B9}.Release|x86.ActiveCfg = Release|Any CPU
		{05A490EC-C020-11EC-A019-DCE9940C19B9}.Release|x86.Build.0 = Release|Any CPU
		{49CBCE66-C020-11EC-83E3-DCE9940C19B9}.Debug|Any CPU.ActiveCfg = Debug|Any CPU
		{49CBCE66-C020-11EC-83E3-DCE9940C19B9}.Debug|Any CPU.Build.0 = Debug|Any CPU
		{49CBCE66-C020-11EC-83E3-DCE9940C19B9}.Debug|x64.ActiveCfg = Debug|Any CPU
		{49CBCE66-C020-11EC-83E3-DCE9940C19B9}.Debug|x64.Build.0 = Debug|Any CPU
		{49CBCE66-C020-11EC-83E3-DCE9940C19B9}.Debug|x86.ActiveCfg = Debug|Any CPU
		{49CBCE66-C020-11EC-83E3-DCE9940C19B9}.Debug|x86.Build.0 = Debug|Any CPU
		{49CBCE66-C020-11EC-83E3-DCE9940C19B9}.Debugger|Any CPU.ActiveCfg = Debug|Any CPU
		{49CBCE66-C020-11EC-83E3-DCE9940C19B9}.Debugger|Any CPU.Build.0 = Debug|Any CPU
		{49CBCE66-C020-11EC-83E3-DCE9940C19B9}.Debugger|x64.ActiveCfg = Debugger|Any CPU
		{49CBCE66-C020-11EC-83E3-DCE9940C19B9}.Debugger|x64.Build.0 = Debugger|Any CPU
		{49CBCE66-C020-11EC-83E3-DCE9940C19B9}.Debugger|x86.ActiveCfg = Debugger|Any CPU
		{49CBCE66-C020-11EC-83E3-DCE9940C19B9}.Debugger|x86.Build.0 = Debugger|Any CPU
		{49CBCE66-C020-11EC-83E3-DCE9940C19B9}.Release|Any CPU.ActiveCfg = Release|Any CPU
		{49CBCE66-C020-11EC-83E3-DCE9940C19B9}.Release|Any CPU.Build.0 = Release|Any CPU
		{49CBCE66-C020-11EC-83E3-DCE9940C19B9}.Release|x64.ActiveCfg = Release|Any CPU
		{49CBCE66-C020-11EC-83E3-DCE9940C19B9}.Release|x64.Build.0 = Release|Any CPU
		{49CBCE66-C020-11EC-83E3-DCE9940C19B9}.Release|x86.ActiveCfg = Release|Any CPU
		{49CBCE66-C020-11EC-83E3-DCE9940C19B9}.Release|x86.Build.0 = Release|Any CPU
		{06833316-A463-4044-BAA7-993683F9810B}.Debug|Any CPU.ActiveCfg = Debug|Any CPU
		{06833316-A463-4044-BAA7-993683F9810B}.Debug|Any CPU.Build.0 = Debug|Any CPU
		{06833316-A463-4044-BAA7-993683F9810B}.Debug|x64.ActiveCfg = Debug|Any CPU
		{06833316-A463-4044-BAA7-993683F9810B}.Debug|x64.Build.0 = Debug|Any CPU
		{06833316-A463-4044-BAA7-993683F9810B}.Debug|x86.ActiveCfg = Debug|Any CPU
		{06833316-A463-4044-BAA7-993683F9810B}.Debug|x86.Build.0 = Debug|Any CPU
		{06833316-A463-4044-BAA7-993683F9810B}.Debugger|Any CPU.ActiveCfg = Debug|Any CPU
		{06833316-A463-4044-BAA7-993683F9810B}.Debugger|Any CPU.Build.0 = Debug|Any CPU
		{06833316-A463-4044-BAA7-993683F9810B}.Debugger|x64.ActiveCfg = Debugger|Any CPU
		{06833316-A463-4044-BAA7-993683F9810B}.Debugger|x64.Build.0 = Debugger|Any CPU
		{06833316-A463-4044-BAA7-993683F9810B}.Debugger|x86.ActiveCfg = Debugger|Any CPU
		{06833316-A463-4044-BAA7-993683F9810B}.Debugger|x86.Build.0 = Debugger|Any CPU
		{06833316-A463-4044-BAA7-993683F9810B}.Release|Any CPU.ActiveCfg = Release|Any CPU
		{06833316-A463-4044-BAA7-993683F9810B}.Release|Any CPU.Build.0 = Release|Any CPU
		{06833316-A463-4044-BAA7-993683F9810B}.Release|x64.ActiveCfg = Release|Any CPU
		{06833316-A463-4044-BAA7-993683F9810B}.Release|x64.Build.0 = Release|Any CPU
		{06833316-A463-4044-BAA7-993683F9810B}.Release|x86.ActiveCfg = Release|Any CPU
		{06833316-A463-4044-BAA7-993683F9810B}.Release|x86.Build.0 = Release|Any CPU
		{2ECDEC68-5878-41C7-B494-E189B8C5C33E}.Debug|Any CPU.ActiveCfg = Debug|Any CPU
		{2ECDEC68-5878-41C7-B494-E189B8C5C33E}.Debug|Any CPU.Build.0 = Debug|Any CPU
		{2ECDEC68-5878-41C7-B494-E189B8C5C33E}.Debug|x64.ActiveCfg = Debug|Any CPU
		{2ECDEC68-5878-41C7-B494-E189B8C5C33E}.Debug|x64.Build.0 = Debug|Any CPU
		{2ECDEC68-5878-41C7-B494-E189B8C5C33E}.Debug|x86.ActiveCfg = Debug|Any CPU
		{2ECDEC68-5878-41C7-B494-E189B8C5C33E}.Debug|x86.Build.0 = Debug|Any CPU
		{2ECDEC68-5878-41C7-B494-E189B8C5C33E}.Debugger|Any CPU.ActiveCfg = Debug|Any CPU
		{2ECDEC68-5878-41C7-B494-E189B8C5C33E}.Debugger|Any CPU.Build.0 = Debug|Any CPU
		{2ECDEC68-5878-41C7-B494-E189B8C5C33E}.Debugger|x64.ActiveCfg = Debugger|Any CPU
		{2ECDEC68-5878-41C7-B494-E189B8C5C33E}.Debugger|x64.Build.0 = Debugger|Any CPU
		{2ECDEC68-5878-41C7-B494-E189B8C5C33E}.Debugger|x86.ActiveCfg = Debugger|Any CPU
		{2ECDEC68-5878-41C7-B494-E189B8C5C33E}.Debugger|x86.Build.0 = Debugger|Any CPU
		{2ECDEC68-5878-41C7-B494-E189B8C5C33E}.Release|Any CPU.ActiveCfg = Release|Any CPU
		{2ECDEC68-5878-41C7-B494-E189B8C5C33E}.Release|Any CPU.Build.0 = Release|Any CPU
		{2ECDEC68-5878-41C7-B494-E189B8C5C33E}.Release|x64.ActiveCfg = Release|Any CPU
		{2ECDEC68-5878-41C7-B494-E189B8C5C33E}.Release|x64.Build.0 = Release|Any CPU
		{2ECDEC68-5878-41C7-B494-E189B8C5C33E}.Release|x86.ActiveCfg = Release|Any CPU
		{2ECDEC68-5878-41C7-B494-E189B8C5C33E}.Release|x86.Build.0 = Release|Any CPU
		{D7AF4074-CE88-4272-91F4-A0D63951C1F0}.Debug|Any CPU.ActiveCfg = Debug|Any CPU
		{D7AF4074-CE88-4272-91F4-A0D63951C1F0}.Debug|Any CPU.Build.0 = Debug|Any CPU
		{D7AF4074-CE88-4272-91F4-A0D63951C1F0}.Debug|x64.ActiveCfg = Debug|Any CPU
		{D7AF4074-CE88-4272-91F4-A0D63951C1F0}.Debug|x64.Build.0 = Debug|Any CPU
		{D7AF4074-CE88-4272-91F4-A0D63951C1F0}.Debug|x86.ActiveCfg = Debug|Any CPU
		{D7AF4074-CE88-4272-91F4-A0D63951C1F0}.Debug|x86.Build.0 = Debug|Any CPU
		{D7AF4074-CE88-4272-91F4-A0D63951C1F0}.Debugger|Any CPU.ActiveCfg = Debug|Any CPU
		{D7AF4074-CE88-4272-91F4-A0D63951C1F0}.Debugger|Any CPU.Build.0 = Debug|Any CPU
		{D7AF4074-CE88-4272-91F4-A0D63951C1F0}.Debugger|x64.ActiveCfg = Debugger|Any CPU
		{D7AF4074-CE88-4272-91F4-A0D63951C1F0}.Debugger|x64.Build.0 = Debugger|Any CPU
		{D7AF4074-CE88-4272-91F4-A0D63951C1F0}.Debugger|x86.ActiveCfg = Debugger|Any CPU
		{D7AF4074-CE88-4272-91F4-A0D63951C1F0}.Debugger|x86.Build.0 = Debugger|Any CPU
		{D7AF4074-CE88-4272-91F4-A0D63951C1F0}.Release|Any CPU.ActiveCfg = Release|Any CPU
		{D7AF4074-CE88-4272-91F4-A0D63951C1F0}.Release|Any CPU.Build.0 = Release|Any CPU
		{D7AF4074-CE88-4272-91F4-A0D63951C1F0}.Release|x64.ActiveCfg = Release|Any CPU
		{D7AF4074-CE88-4272-91F4-A0D63951C1F0}.Release|x64.Build.0 = Release|Any CPU
		{D7AF4074-CE88-4272-91F4-A0D63951C1F0}.Release|x86.ActiveCfg = Release|Any CPU
		{D7AF4074-CE88-4272-91F4-A0D63951C1F0}.Release|x86.Build.0 = Release|Any CPU
		{6B518120-4315-4017-B4E6-7DA8ABCCFF84}.Debug|Any CPU.ActiveCfg = Debug|Any CPU
		{6B518120-4315-4017-B4E6-7DA8ABCCFF84}.Debug|Any CPU.Build.0 = Debug|Any CPU
		{6B518120-4315-4017-B4E6-7DA8ABCCFF84}.Debug|x64.ActiveCfg = Debug|Any CPU
		{6B518120-4315-4017-B4E6-7DA8ABCCFF84}.Debug|x64.Build.0 = Debug|Any CPU
		{6B518120-4315-4017-B4E6-7DA8ABCCFF84}.Debug|x86.ActiveCfg = Debug|Any CPU
		{6B518120-4315-4017-B4E6-7DA8ABCCFF84}.Debug|x86.Build.0 = Debug|Any CPU
		{6B518120-4315-4017-B4E6-7DA8ABCCFF84}.Debugger|Any CPU.ActiveCfg = Debug|Any CPU
		{6B518120-4315-4017-B4E6-7DA8ABCCFF84}.Debugger|Any CPU.Build.0 = Debug|Any CPU
		{6B518120-4315-4017-B4E6-7DA8ABCCFF84}.Debugger|x64.ActiveCfg = Debugger|Any CPU
		{6B518120-4315-4017-B4E6-7DA8ABCCFF84}.Debugger|x64.Build.0 = Debugger|Any CPU
		{6B518120-4315-4017-B4E6-7DA8ABCCFF84}.Debugger|x86.ActiveCfg = Debugger|Any CPU
		{6B518120-4315-4017-B4E6-7DA8ABCCFF84}.Debugger|x86.Build.0 = Debugger|Any CPU
		{6B518120-4315-4017-B4E6-7DA8ABCCFF84}.Release|Any CPU.ActiveCfg = Release|Any CPU
		{6B518120-4315-4017-B4E6-7DA8ABCCFF84}.Release|Any CPU.Build.0 = Release|Any CPU
		{6B518120-4315-4017-B4E6-7DA8ABCCFF84}.Release|x64.ActiveCfg = Release|Any CPU
		{6B518120-4315-4017-B4E6-7DA8ABCCFF84}.Release|x64.Build.0 = Release|Any CPU
		{6B518120-4315-4017-B4E6-7DA8ABCCFF84}.Release|x86.ActiveCfg = Release|Any CPU
		{6B518120-4315-4017-B4E6-7DA8ABCCFF84}.Release|x86.Build.0 = Release|Any CPU
    
    {3A259010-BDE3-35B1-1369-2A44C34FE8F0}.Debug|Any CPU.ActiveCfg = Debug|Any CPU
		{3A259010-BDE3-35B1-1369-2A44C34FE8F0}.Debug|Any CPU.Build.0 = Debug|Any CPU
		{3A259010-BDE3-35B1-1369-2A44C34FE8F0}.Debug|x64.ActiveCfg = Debug|Any CPU
		{3A259010-BDE3-35B1-1369-2A44C34FE8F0}.Debug|x64.Build.0 = Debug|Any CPU
		{3A259010-BDE3-35B1-1369-2A44C34FE8F0}.Debug|x86.ActiveCfg = Debug|Any CPU
		{3A259010-BDE3-35B1-1369-2A44C34FE8F0}.Debug|x86.Build.0 = Debug|Any CPU
		{3A259010-BDE3-35B1-1369-2A44C34FE8F0}.Debugger|Any CPU.ActiveCfg = Debug|Any CPU
		{3A259010-BDE3-35B1-1369-2A44C34FE8F0}.Debugger|Any CPU.Build.0 = Debug|Any CPU
		{3A259010-BDE3-35B1-1369-2A44C34FE8F0}.Debugger|x64.ActiveCfg = Debugger|Any CPU
		{3A259010-BDE3-35B1-1369-2A44C34FE8F0}.Debugger|x64.Build.0 = Debugger|Any CPU
		{3A259010-BDE3-35B1-1369-2A44C34FE8F0}.Debugger|x86.ActiveCfg = Debugger|Any CPU
		{3A259010-BDE3-35B1-1369-2A44C34FE8F0}.Debugger|x86.Build.0 = Debugger|Any CPU
		{3A259010-BDE3-35B1-1369-2A44C34FE8F0}.Release|Any CPU.ActiveCfg = Release|Any CPU
		{3A259010-BDE3-35B1-1369-2A44C34FE8F0}.Release|Any CPU.Build.0 = Release|Any CPU
		{3A259010-BDE3-35B1-1369-2A44C34FE8F0}.Release|x64.ActiveCfg = Release|Any CPU
		{3A259010-BDE3-35B1-1369-2A44C34FE8F0}.Release|x64.Build.0 = Release|Any CPU
		{3A259010-BDE3-35B1-1369-2A44C34FE8F0}.Release|x86.ActiveCfg = Release|Any CPU
		{3A259010-BDE3-35B1-1369-2A44C34FE8F0}.Release|x86.Build.0 = Release|Any CPU
    
		{181DADED-1C60-457A-92FC-FA8482D81117}.Debug|Any CPU.ActiveCfg = Debug|Any CPU
		{181DADED-1C60-457A-92FC-FA8482D81117}.Debug|Any CPU.Build.0 = Debug|Any CPU
		{181DADED-1C60-457A-92FC-FA8482D81117}.Debug|x64.ActiveCfg = Debug|Any CPU
		{181DADED-1C60-457A-92FC-FA8482D81117}.Debug|x64.Build.0 = Debug|Any CPU
		{181DADED-1C60-457A-92FC-FA8482D81117}.Debug|x86.ActiveCfg = Debug|Any CPU
		{181DADED-1C60-457A-92FC-FA8482D81117}.Debug|x86.Build.0 = Debug|Any CPU
		{181DADED-1C60-457A-92FC-FA8482D81117}.Debugger|Any CPU.ActiveCfg = Debug|Any CPU
		{181DADED-1C60-457A-92FC-FA8482D81117}.Debugger|Any CPU.Build.0 = Debug|Any CPU
		{181DADED-1C60-457A-92FC-FA8482D81117}.Debugger|x64.ActiveCfg = Debug|Any CPU
		{181DADED-1C60-457A-92FC-FA8482D81117}.Debugger|x64.Build.0 = Debug|Any CPU
		{181DADED-1C60-457A-92FC-FA8482D81117}.Debugger|x86.ActiveCfg = Debug|Any CPU
		{181DADED-1C60-457A-92FC-FA8482D81117}.Debugger|x86.Build.0 = Debug|Any CPU
		{181DADED-1C60-457A-92FC-FA8482D81117}.Release|Any CPU.ActiveCfg = Release|Any CPU
		{181DADED-1C60-457A-92FC-FA8482D81117}.Release|Any CPU.Build.0 = Release|Any CPU
		{181DADED-1C60-457A-92FC-FA8482D81117}.Release|x64.ActiveCfg = Release|Any CPU
		{181DADED-1C60-457A-92FC-FA8482D81117}.Release|x64.Build.0 = Release|Any CPU
		{181DADED-1C60-457A-92FC-FA8482D81117}.Release|x86.ActiveCfg = Release|Any CPU
		{181DADED-1C60-457A-92FC-FA8482D81117}.Release|x86.Build.0 = Release|Any CPU
	EndGlobalSection
	GlobalSection(SolutionProperties) = preSolution
		HideSolutionNode = FALSE
	EndGlobalSection
	GlobalSection(ExtensibilityGlobals) = postSolution
		SolutionGuid = {4F53C492-BC7E-412D-8034-479DF966AD09}
	EndGlobalSection
EndGlobal
