Microsoft Visual Studio Solution File, Format Version 12.00
# Visual Studio Version 16
VisualStudioVersion = 16.0.32407.337
MinimumVisualStudioVersion = 10.0.40219.1
Project("{9A19103F-16F7-4668-BE54-9A1E7A4F7556}") = "Loader", "Loader\Loader.csproj", "{58957D5E-798A-4803-B7B3-1BDDA8DDC38D}"
EndProject
Global
	GlobalSection(SolutionConfigurationPlatforms) = preSolution
		Debug|Any CPU = Debug|Any CPU
		Release|Any CPU = Release|Any CPU
	EndGlobalSection
	GlobalSection(ProjectConfigurationPlatforms) = postSolution
		{58957D5E-798A-4803-B7B3-1BDDA8DDC38D}.Debug|Any CPU.ActiveCfg = Debug|Any CPU
		{58957D5E-798A-4803-B7B3-1BDDA8DDC38D}.Debug|Any CPU.Build.0 = Debug|Any CPU
		{58957D5E-798A-4803-B7B3-1BDDA8DDC38D}.Release|Any CPU.ActiveCfg = Release|Any CPU
		{58957D5E-798A-4803-B7B3-1BDDA8DDC38D}.Release|Any CPU.Build.0 = Release|Any CPU
	EndGlobalSection
	GlobalSection(SolutionProperties) = preSolution
		HideSolutionNode = FALSE
	EndGlobalSection
	GlobalSection(ExtensibilityGlobals) = postSolution
		SolutionGuid = {F8CBF278-192C-4D58-BE32-4CE5FF1E1190}
	EndGlobalSection
EndGlobal
