
Microsoft Visual Studio Solution File, Format Version 12.00
# Visual Studio Version 16
VisualStudioVersion = 16.0.29020.237
MinimumVisualStudioVersion = 10.0.40219.1
Project("{9A19103F-16F7-4668-BE54-9A1E7A4F7556}") = "CombatExtended", "CombatExtended\CombatExtended.csproj", "{5BF06BFB-6506-48A4-BDA5-8A2E5F9153F9}"
EndProject
Project("{9A19103F-16F7-4668-BE54-9A1E7A4F7556}") = "MultiplayerCompat", "MultiplayerCompat\MultiplayerCompat.csproj", "{81CF298A-467E-4EC5-B63E-3491427357BD}"
EndProject
Global
	GlobalSection(SolutionConfigurationPlatforms) = preSolution
		Debug|Any CPU = Debug|Any CPU
		Debugger|Any CPU = Debugger|Any CPU
		Release|Any CPU = Release|Any CPU
	EndGlobalSection
	GlobalSection(ProjectConfigurationPlatforms) = postSolution
		{5BF06BFB-6506-48A4-BDA5-8A2E5F9153F9}.Debug|Any CPU.ActiveCfg = Debug|Any CPU
		{5BF06BFB-6506-48A4-BDA5-8A2E5F9153F9}.Debug|Any CPU.Build.0 = Debug|Any CPU
		{5BF06BFB-6506-48A4-BDA5-8A2E5F9153F9}.Debugger|Any CPU.ActiveCfg = Debug|Any CPU
		{5BF06BFB-6506-48A4-BDA5-8A2E5F9153F9}.Debugger|Any CPU.Build.0 = Debug|Any CPU
		{5BF06BFB-6506-48A4-BDA5-8A2E5F9153F9}.Release|Any CPU.ActiveCfg = Release|Any CPU
		{5BF06BFB-6506-48A4-BDA5-8A2E5F9153F9}.Release|Any CPU.Build.0 = Release|Any CPU
		{81CF298A-467E-4EC5-B63E-3491427357BD}.Debug|Any CPU.ActiveCfg = Debug|Any CPU
		{81CF298A-467E-4EC5-B63E-3491427357BD}.Debug|Any CPU.Build.0 = Debug|Any CPU
		{81CF298A-467E-4EC5-B63E-3491427357BD}.Debugger|Any CPU.ActiveCfg = Debug|Any CPU
		{81CF298A-467E-4EC5-B63E-3491427357BD}.Debugger|Any CPU.Build.0 = Debug|Any CPU
		{81CF298A-467E-4EC5-B63E-3491427357BD}.Release|Any CPU.ActiveCfg = Release|Any CPU
		{81CF298A-467E-4EC5-B63E-3491427357BD}.Release|Any CPU.Build.0 = Release|Any CPU
	EndGlobalSection
	GlobalSection(SolutionProperties) = preSolution
		HideSolutionNode = FALSE
	EndGlobalSection
	GlobalSection(ExtensibilityGlobals) = postSolution
		SolutionGuid = {4F53C492-BC7E-412D-8034-479DF966AD09}
	EndGlobalSection
EndGlobal
